
Microsoft Visual Studio Solution File, Format Version 12.00
# Visual Studio 15
VisualStudioVersion = 15.0.28307.1500
MinimumVisualStudioVersion = 10.0.40219.1
Project("{FAE04EC0-301F-11D3-BF4B-00C04F79EFBC}") = "App vect", "App vect.csproj", "{14A715B4-B3A0-4464-8697-11504099EE45}"
EndProject
Global
	GlobalSection(SolutionConfigurationPlatforms) = preSolution
		Debug|Any CPU = Debug|Any CPU
		Release|Any CPU = Release|Any CPU
	EndGlobalSection
	GlobalSection(ProjectConfigurationPlatforms) = postSolution
		{14A715B4-B3A0-4464-8697-11504099EE45}.Debug|Any CPU.ActiveCfg = Debug|Any CPU
		{14A715B4-B3A0-4464-8697-11504099EE45}.Debug|Any CPU.Build.0 = Debug|Any CPU
		{14A715B4-B3A0-4464-8697-11504099EE45}.Release|Any CPU.ActiveCfg = Release|Any CPU
		{14A715B4-B3A0-4464-8697-11504099EE45}.Release|Any CPU.Build.0 = Release|Any CPU
	EndGlobalSection
	GlobalSection(SolutionProperties) = preSolution
		HideSolutionNode = FALSE
	EndGlobalSection
	GlobalSection(ExtensibilityGlobals) = postSolution
		SolutionGuid = {EBAD8238-74A3-4350-AEBD-56B6078A725A}
	EndGlobalSection
EndGlobal
